
Microsoft Visual Studio Solution File, Format Version 12.00
# Visual Studio Version 17
VisualStudioVersion = 17.11.35327.3
MinimumVisualStudioVersion = 10.0.40219.1
Project("{FAE04EC0-301F-11D3-BF4B-00C04F79EFBC}") = "CompressionTool", "CompressionTool\CompressionTool.csproj", "{4E4C0E9E-64D1-45D9-8ECF-0A40CB992508}"
EndProject
Global
	GlobalSection(SolutionConfigurationPlatforms) = preSolution
		Debug|Any CPU = Debug|Any CPU
		Release|Any CPU = Release|Any CPU
	EndGlobalSection
	GlobalSection(ProjectConfigurationPlatforms) = postSolution
		{4E4C0E9E-64D1-45D9-8ECF-0A40CB992508}.Debug|Any CPU.ActiveCfg = Debug|Any CPU
		{4E4C0E9E-64D1-45D9-8ECF-0A40CB992508}.Debug|Any CPU.Build.0 = Debug|Any CPU
		{4E4C0E9E-64D1-45D9-8ECF-0A40CB992508}.Release|Any CPU.ActiveCfg = Release|Any CPU
		{4E4C0E9E-64D1-45D9-8ECF-0A40CB992508}.Release|Any CPU.Build.0 = Release|Any CPU
	EndGlobalSection
	GlobalSection(SolutionProperties) = preSolution
		HideSolutionNode = FALSE
	EndGlobalSection
	GlobalSection(ExtensibilityGlobals) = postSolution
		SolutionGuid = {3311E337-FE07-43DB-B23D-7C516C67A693}
	EndGlobalSection
EndGlobal
